{
  "object": {
    "pins": [
      {
        "package": "Swifter",
        "repositoryURL": "https://github.com/markdaws/swifter.git",
        "state": {
          "branch": null,
          "revision": "ca7a1ec09864be922352a2451a43434d5802de11",
          "version": null
        }
      }
    ]
  },
  "version": 1
}
